// !$*UTF8*$!
{
	archiveVersion = 1;
	classes = {
	};
	objectVersion = 48;
	objects = {

/* Begin PBXBuildFile section */
		24660D172068266200E43C2A /* AppDelegate.m in Sources */ = {isa = PBXBuildFile; fileRef = 24660D162068266200E43C2A /* AppDelegate.m */; };
		24660D1A2068266200E43C2A /* ViewController.m in Sources */ = {isa = PBXBuildFile; fileRef = 24660D192068266200E43C2A /* ViewController.m */; };
		24660D1D2068266200E43C2A /* Main.storyboard in Resources */ = {isa = PBXBuildFile; fileRef = 24660D1B2068266200E43C2A /* Main.storyboard */; };
		24660D1F2068266200E43C2A /* Assets.xcassets in Resources */ = {isa = PBXBuildFile; fileRef = 24660D1E2068266200E43C2A /* Assets.xcassets */; };
		24660D222068266200E43C2A /* LaunchScreen.storyboard in Resources */ = {isa = PBXBuildFile; fileRef = 24660D202068266200E43C2A /* LaunchScreen.storyboard */; };
		24660D252068266200E43C2A /* main.m in Sources */ = {isa = PBXBuildFile; fileRef = 24660D242068266200E43C2A /* main.m */; };
		24660D2D206828D000E43C2A /* MDStudent.m in Sources */ = {isa = PBXBuildFile; fileRef = 24660D2C206828D000E43C2A /* MDStudent.m */; };
		24660D302068296400E43C2A /* MDDancer.m in Sources */ = {isa = PBXBuildFile; fileRef = 24660D2F2068296400E43C2A /* MDDancer.m */; };
		24660D33206829BB00E43C2A /* MDDeveloper.m in Sources */ = {isa = PBXBuildFile; fileRef = 24660D32206829BB00E43C2A /* MDDeveloper.m */; };
/* End PBXBuildFile section */

/* Begin PBXFileReference section */
		24660D122068266200E43C2A /* Protocols.app */ = {isa = PBXFileReference; explicitFileType = wrapper.application; includeInIndex = 0; path = Protocols.app; sourceTree = BUILT_PRODUCTS_DIR; };
		24660D152068266200E43C2A /* AppDelegate.h */ = {isa = PBXFileReference; lastKnownFileType = sourcecode.c.h; path = AppDelegate.h; sourceTree = "<group>"; };
		24660D162068266200E43C2A /* AppDelegate.m */ = {isa = PBXFileReference; lastKnownFileType = sourcecode.c.objc; path = AppDelegate.m; sourceTree = "<group>"; };
		24660D182068266200E43C2A /* ViewController.h */ = {isa = PBXFileReference; lastKnownFileType = sourcecode.c.h; path = ViewController.h; sourceTree = "<group>"; };
		24660D192068266200E43C2A /* ViewController.m */ = {isa = PBXFileReference; lastKnownFileType = sourcecode.c.objc; path = ViewController.m; sourceTree = "<group>"; };
		24660D1C2068266200E43C2A /* Base */ = {isa = PBXFileReference; lastKnownFileType = file.storyboard; name = Base; path = Base.lproj/Main.storyboard; sourceTree = "<group>"; };
		24660D1E2068266200E43C2A /* Assets.xcassets */ = {isa = PBXFileReference; lastKnownFileType = folder.assetcatalog; path = Assets.xcassets; sourceTree = "<group>"; };
		24660D212068266200E43C2A /* Base */ = {isa = PBXFileReference; lastKnownFileType = file.storyboard; name = Base; path = Base.lproj/LaunchScreen.storyboard; sourceTree = "<group>"; };
		24660D232068266200E43C2A /* Info.plist */ = {isa = PBXFileReference; lastKnownFileType = text.plist.xml; path = Info.plist; sourceTree = "<group>"; };
		24660D242068266200E43C2A /* main.m */ = {isa = PBXFileReference; lastKnownFileType = sourcecode.c.objc; path = main.m; sourceTree = "<group>"; };
		24660D2B206828D000E43C2A /* MDStudent.h */ = {isa = PBXFileReference; lastKnownFileType = sourcecode.c.h; path = MDStudent.h; sourceTree = "<group>"; };
		24660D2C206828D000E43C2A /* MDStudent.m */ = {isa = PBXFileReference; lastKnownFileType = sourcecode.c.objc; path = MDStudent.m; sourceTree = "<group>"; };
		24660D2E2068296400E43C2A /* MDDancer.h */ = {isa = PBXFileReference; lastKnownFileType = sourcecode.c.h; path = MDDancer.h; sourceTree = "<group>"; };
		24660D2F2068296400E43C2A /* MDDancer.m */ = {isa = PBXFileReference; lastKnownFileType = sourcecode.c.objc; path = MDDancer.m; sourceTree = "<group>"; };
		24660D31206829BB00E43C2A /* MDDeveloper.h */ = {isa = PBXFileReference; lastKnownFileType = sourcecode.c.h; path = MDDeveloper.h; sourceTree = "<group>"; };
		24660D32206829BB00E43C2A /* MDDeveloper.m */ = {isa = PBXFileReference; lastKnownFileType = sourcecode.c.objc; path = MDDeveloper.m; sourceTree = "<group>"; };
		24660D342068BDBE00E43C2A /* MDPatient.h */ = {isa = PBXFileReference; lastKnownFileType = sourcecode.c.h; path = MDPatient.h; sourceTree = "<group>"; };
/* End PBXFileReference section */

/* Begin PBXFrameworksBuildPhase section */
		24660D0F2068266200E43C2A /* Frameworks */ = {
			isa = PBXFrameworksBuildPhase;
			buildActionMask = 2147483647;
			files = (
			);
			runOnlyForDeploymentPostprocessing = 0;
		};
/* End PBXFrameworksBuildPhase section */

/* Begin PBXGroup section */
		24660D092068266200E43C2A = {
			isa = PBXGroup;
			children = (
				24660D142068266200E43C2A /* Protocols */,
				24660D132068266200E43C2A /* Products */,
			);
			sourceTree = "<group>";
		};
		24660D132068266200E43C2A /* Products */ = {
			isa = PBXGroup;
			children = (
				24660D122068266200E43C2A /* Protocols.app */,
			);
			name = Products;
			sourceTree = "<group>";
		};
		24660D142068266200E43C2A /* Protocols */ = {
			isa = PBXGroup;
			children = (
				24660D342068BDBE00E43C2A /* MDPatient.h */,
				24660D2B206828D000E43C2A /* MDStudent.h */,
				24660D2C206828D000E43C2A /* MDStudent.m */,
				24660D2E2068296400E43C2A /* MDDancer.h */,
				24660D2F2068296400E43C2A /* MDDancer.m */,
				24660D31206829BB00E43C2A /* MDDeveloper.h */,
				24660D32206829BB00E43C2A /* MDDeveloper.m */,
				24660D152068266200E43C2A /* AppDelegate.h */,
				24660D162068266200E43C2A /* AppDelegate.m */,
				24660D182068266200E43C2A /* ViewController.h */,
				24660D192068266200E43C2A /* ViewController.m */,
				24660D1B2068266200E43C2A /* Main.storyboard */,
				24660D1E2068266200E43C2A /* Assets.xcassets */,
				24660D202068266200E43C2A /* LaunchScreen.storyboard */,
				24660D232068266200E43C2A /* Info.plist */,
				24660D242068266200E43C2A /* main.m */,
			);
			path = Protocols;
			sourceTree = "<group>";
		};
/* End PBXGroup section */

/* Begin PBXNativeTarget section */
		24660D112068266200E43C2A /* Protocols */ = {
			isa = PBXNativeTarget;
			buildConfigurationList = 24660D282068266200E43C2A /* Build configuration list for PBXNativeTarget "Protocols" */;
			buildPhases = (
				24660D0E2068266200E43C2A /* Sources */,
				24660D0F2068266200E43C2A /* Frameworks */,
				24660D102068266200E43C2A /* Resources */,
			);
			buildRules = (
			);
			dependencies = (
			);
			name = Protocols;
			productName = Protocols;
			productReference = 24660D122068266200E43C2A /* Protocols.app */;
			productType = "com.apple.product-type.application";
		};
/* End PBXNativeTarget section */

/* Begin PBXProject section */
		24660D0A2068266200E43C2A /* Project object */ = {
			isa = PBXProject;
			attributes = {
				LastUpgradeCheck = 0920;
				ORGANIZATIONNAME = "Maryna Delidova";
				TargetAttributes = {
					24660D112068266200E43C2A = {
						CreatedOnToolsVersion = 9.2;
						ProvisioningStyle = Automatic;
					};
				};
			};
			buildConfigurationList = 24660D0D2068266200E43C2A /* Build configuration list for PBXProject "Protocols" */;
			compatibilityVersion = "Xcode 8.0";
			developmentRegion = en;
			hasScannedForEncodings = 0;
			knownRegions = (
				en,
				Base,
			);
			mainGroup = 24660D092068266200E43C2A;
			productRefGroup = 24660D132068266200E43C2A /* Products */;
			projectDirPath = "";
			projectRoot = "";
			targets = (
				24660D112068266200E43C2A /* Protocols */,
			);
		};
/* End PBXProject section */

/* Begin PBXResourcesBuildPhase section */
		24660D102068266200E43C2A /* Resources */ = {
			isa = PBXResourcesBuildPhase;
			buildActionMask = 2147483647;
			files = (
				24660D222068266200E43C2A /* LaunchScreen.storyboard in Resources */,
				24660D1F2068266200E43C2A /* Assets.xcassets in Resources */,
				24660D1D2068266200E43C2A /* Main.storyboard in Resources */,
			);
			runOnlyForDeploymentPostprocessing = 0;
		};
/* End PBXResourcesBuildPhase section */

/* Begin PBXSourcesBuildPhase section */
		24660D0E2068266200E43C2A /* Sources */ = {
			isa = PBXSourcesBuildPhase;
			buildActionMask = 2147483647;
			files = (
				24660D1A2068266200E43C2A /* ViewController.m in Sources */,
				24660D252068266200E43C2A /* main.m in Sources */,
				24660D302068296400E43C2A /* MDDancer.m in Sources */,
				24660D33206829BB00E43C2A /* MDDeveloper.m in Sources */,
				24660D2D206828D000E43C2A /* MDStudent.m in Sources */,
				24660D172068266200E43C2A /* AppDelegate.m in Sources */,
			);
			runOnlyForDeploymentPostprocessing = 0;
		};
/* End PBXSourcesBuildPhase section */

/* Begin PBXVariantGroup section */
		24660D1B2068266200E43C2A /* Main.storyboard */ = {
			isa = PBXVariantGroup;
			children = (
				24660D1C2068266200E43C2A /* Base */,
			);
			name = Main.storyboard;
			sourceTree = "<group>";
		};
		24660D202068266200E43C2A /* LaunchScreen.storyboard */ = {
			isa = PBXVariantGroup;
			children = (
				24660D212068266200E43C2A /* Base */,
			);
			name = LaunchScreen.storyboard;
			sourceTree = "<group>";
		};
/* End PBXVariantGroup section */

/* Begin XCBuildConfiguration section */
		24660D262068266200E43C2A /* Debug */ = {
			isa = XCBuildConfiguration;
			buildSettings = {
				ALWAYS_SEARCH_USER_PATHS = NO;
				CLANG_ANALYZER_NONNULL = YES;
				CLANG_ANALYZER_NUMBER_OBJECT_CONVERSION = YES_AGGRESSIVE;
				CLANG_CXX_LANGUAGE_STANDARD = "gnu++14";
				CLANG_CXX_LIBRARY = "libc++";
				CLANG_ENABLE_MODULES = YES;
				CLANG_ENABLE_OBJC_ARC = YES;
				CLANG_WARN_BLOCK_CAPTURE_AUTORELEASING = YES;
				CLANG_WARN_BOOL_CONVERSION = YES;
				CLANG_WARN_COMMA = YES;
				CLANG_WARN_CONSTANT_CONVERSION = YES;
				CLANG_WARN_DIRECT_OBJC_ISA_USAGE = YES_ERROR;
				CLANG_WARN_DOCUMENTATION_COMMENTS = YES;
				CLANG_WARN_EMPTY_BODY = YES;
				CLANG_WARN_ENUM_CONVERSION = YES;
				CLANG_WARN_INFINITE_RECURSION = YES;
				CLANG_WARN_INT_CONVERSION = YES;
				CLANG_WARN_NON_LITERAL_NULL_CONVERSION = YES;
				CLANG_WARN_OBJC_LITERAL_CONVERSION = YES;
				CLANG_WARN_OBJC_ROOT_CLASS = YES_ERROR;
				CLANG_WARN_RANGE_LOOP_ANALYSIS = YES;
				CLANG_WARN_STRICT_PROTOTYPES = YES;
				CLANG_WARN_SUSPICIOUS_MOVE = YES;
				CLANG_WARN_UNGUARDED_AVAILABILITY = YES_AGGRESSIVE;
				CLANG_WARN_UNREACHABLE_CODE = YES;
				CLANG_WARN__DUPLICATE_METHOD_MATCH = YES;
				CODE_SIGN_IDENTITY = "iPhone Developer";
				COPY_PHASE_STRIP = NO;
				DEBUG_INFORMATION_FORMAT = dwarf;
				ENABLE_STRICT_OBJC_MSGSEND = YES;
				ENABLE_TESTABILITY = YES;
				GCC_C_LANGUAGE_STANDARD = gnu11;
				GCC_DYNAMIC_NO_PIC = NO;
				GCC_NO_COMMON_BLOCKS = YES;
				GCC_OPTIMIZATION_LEVEL = 0;
				GCC_PREPROCESSOR_DEFINITIONS = (
					"DEBUG=1",
					"$(inherited)",
				);
				GCC_WARN_64_TO_32_BIT_CONVERSION = YES;
				GCC_WARN_ABOUT_RETURN_TYPE = YES_ERROR;
				GCC_WARN_UNDECLARED_SELECTOR = YES;
				GCC_WARN_UNINITIALIZED_AUTOS = YES_AGGRESSIVE;
				GCC_WARN_UNUSED_FUNCTION = YES;
				GCC_WARN_UNUSED_VARIABLE = YES;
				IPHONEOS_DEPLOYMENT_TARGET = 11.2;
				MTL_ENABLE_DEBUG_INFO = YES;
				ONLY_ACTIVE_ARCH = YES;
				SDKROOT = iphoneos;
			};
			name = Debug;
		};
		24660D272068266200E43C2A /* Release */ = {
			isa = XCBuildConfiguration;
			buildSettings = {
				ALWAYS_SEARCH_USER_PATHS = NO;
				CLANG_ANALYZER_NONNULL = YES;
				CLANG_ANALYZER_NUMBER_OBJECT_CONVERSION = YES_AGGRESSIVE;
				CLANG_CXX_LANGUAGE_STANDARD = "gnu++14";
				CLANG_CXX_LIBRARY = "libc++";
				CLANG_ENABLE_MODULES = YES;
				CLANG_ENABLE_OBJC_ARC = YES;
				CLANG_WARN_BLOCK_CAPTURE_AUTORELEASING = YES;
				CLANG_WARN_BOOL_CONVERSION = YES;
				CLANG_WARN_COMMA = YES;
				CLANG_WARN_CONSTANT_CONVERSION = YES;
				CLANG_WARN_DIRECT_OBJC_ISA_USAGE = YES_ERROR;
				CLANG_WARN_DOCUMENTATION_COMMENTS = YES;
				CLANG_WARN_EMPTY_BODY = YES;
				CLANG_WARN_ENUM_CONVERSION = YES;
				CLANG_WARN_INFINITE_RECURSION = YES;
				CLANG_WARN_INT_CONVERSION = YES;
				CLANG_WARN_NON_LITERAL_NULL_CONVERSION = YES;
				CLANG_WARN_OBJC_LITERAL_CONVERSION = YES;
				CLANG_WARN_OBJC_ROOT_CLASS = YES_ERROR;
				CLANG_WARN_RANGE_LOOP_ANALYSIS = YES;
				CLANG_WARN_STRICT_PROTOTYPES = YES;
				CLANG_WARN_SUSPICIOUS_MOVE = YES;
				CLANG_WARN_UNGUARDED_AVAILABILITY = YES_AGGRESSIVE;
				CLANG_WARN_UNREACHABLE_CODE = YES;
				CLANG_WARN__DUPLICATE_METHOD_MATCH = YES;
				CODE_SIGN_IDENTITY = "iPhone Developer";
				COPY_PHASE_STRIP = NO;
				DEBUG_INFORMATION_FORMAT = "dwarf-with-dsym";
				ENABLE_NS_ASSERTIONS = NO;
				ENABLE_STRICT_OBJC_MSGSEND = YES;
				GCC_C_LANGUAGE_STANDARD = gnu11;
				GCC_NO_COMMON_BLOCKS = YES;
				GCC_WARN_64_TO_32_BIT_CONVERSION = YES;
				GCC_WARN_ABOUT_RETURN_TYPE = YES_ERROR;
				GCC_WARN_UNDECLARED_SELECTOR = YES;
				GCC_WARN_UNINITIALIZED_AUTOS = YES_AGGRESSIVE;
				GCC_WARN_UNUSED_FUNCTION = YES;
				GCC_WARN_UNUSED_VARIABLE = YES;
				IPHONEOS_DEPLOYMENT_TARGET = 11.2;
				MTL_ENABLE_DEBUG_INFO = NO;
				SDKROOT = iphoneos;
				VALIDATE_PRODUCT = YES;
			};
			name = Release;
		};
		24660D292068266200E43C2A /* Debug */ = {
			isa = XCBuildConfiguration;
			buildSettings = {
				ASSETCATALOG_COMPILER_APPICON_NAME = AppIcon;
				CODE_SIGN_STYLE = Automatic;
				DEVELOPMENT_TEAM = 5KRZF89Q47;
				INFOPLIST_FILE = Protocols/Info.plist;
				LD_RUNPATH_SEARCH_PATHS = "$(inherited) @executable_path/Frameworks";
				PRODUCT_BUNDLE_IDENTIFIER = com.delidova.Protocols;
				PRODUCT_NAME = "$(TARGET_NAME)";
				TARGETED_DEVICE_FAMILY = "1,2";
			};
			name = Debug;
		};
		24660D2A2068266200E43C2A /* Release */ = {
			isa = XCBuildConfiguration;
			buildSettings = {
				ASSETCATALOG_COMPILER_APPICON_NAME = AppIcon;
				CODE_SIGN_STYLE = Automatic;
				DEVELOPMENT_TEAM = 5KRZF89Q47;
				INFOPLIST_FILE = Protocols/Info.plist;
				LD_RUNPATH_SEARCH_PATHS = "$(inherited) @executable_path/Frameworks";
				PRODUCT_BUNDLE_IDENTIFIER = com.delidova.Protocols;
				PRODUCT_NAME = "$(TARGET_NAME)";
				TARGETED_DEVICE_FAMILY = "1,2";
			};
			name = Release;
		};
/* End XCBuildConfiguration section */

/* Begin XCConfigurationList section */
		24660D0D2068266200E43C2A /* Build configuration list for PBXProject "Protocols" */ = {
			isa = XCConfigurationList;
			buildConfigurations = (
				24660D262068266200E43C2A /* Debug */,
				24660D272068266200E43C2A /* Release */,
			);
			defaultConfigurationIsVisible = 0;
			defaultConfigurationName = Release;
		};
		24660D282068266200E43C2A /* Build configuration list for PBXNativeTarget "Protocols" */ = {
			isa = XCConfigurationList;
			buildConfigurations = (
				24660D292068266200E43C2A /* Debug */,
				24660D2A2068266200E43C2A /* Release */,
			);
			defaultConfigurationIsVisible = 0;
			defaultConfigurationName = Release;
		};
/* End XCConfigurationList section */
	};
	rootObject = 24660D0A2068266200E43C2A /* Project object */;
}
